
Microsoft Visual Studio Solution File, Format Version 12.00
# Visual Studio Version 17
VisualStudioVersion = 17.14.37111.16
MinimumVisualStudioVersion = 10.0.40219.1
Project("{2150E333-8FDC-42A3-9474-1A3956D46DE8}") = "Stub", "Stub", "{02EA681E-C7D8-13C7-8484-4AC65E1B71E8}"
EndProject
Project("{8BC9CEB8-8B4A-11D0-8D11-00A0C91BC942}") = "SDL2toX_Static", "SDL2toX\SDL2toX_Static\SDL2toX_Static.vcxproj", "{0C097F04-4689-4CF1-AC84-96F8B70CA1DE}"
	ProjectSection(ProjectDependencies) = postProject
		{20A2CEAE-3695-4C37-A7F8-963DDE149BFC} = {20A2CEAE-3695-4C37-A7F8-963DDE149BFC}
		{70AAB2F1-E7FB-41D3-ADEE-855AC68E66A3} = {70AAB2F1-E7FB-41D3-ADEE-855AC68E66A3}
		{B65050CD-A962-4356-B0BA-A00C160F8322} = {B65050CD-A962-4356-B0BA-A00C160F8322}
	EndProjectSection
EndProject
Project("{8BC9CEB8-8B4A-11D0-8D11-00A0C91BC942}") = "SDL2toX_Dynamic", "SDL2toX\SDL2toX_Dynamic\SDL2toX_Dynamic.vcxproj", "{ACE243E1-6C24-479B-97B1-4360DE953E2C}"
	ProjectSection(ProjectDependencies) = postProject
		{20A2CEAE-3695-4C37-A7F8-963DDE149BFC} = {20A2CEAE-3695-4C37-A7F8-963DDE149BFC}
		{70AAB2F1-E7FB-41D3-ADEE-855AC68E66A3} = {70AAB2F1-E7FB-41D3-ADEE-855AC68E66A3}
		{B65050CD-A962-4356-B0BA-A00C160F8322} = {B65050CD-A962-4356-B0BA-A00C160F8322}
	EndProjectSection
EndProject
Project("{8BC9CEB8-8B4A-11D0-8D11-00A0C91BC942}") = "XInput1_3", "lib\XInput_Stub\XInput1_3\XInput1_3.vcxproj", "{20A2CEAE-3695-4C37-A7F8-963DDE149BFC}"
EndProject
Project("{8BC9CEB8-8B4A-11D0-8D11-00A0C91BC942}") = "XInput9_1_0", "lib\XInput_Stub\XInput9_1_0\XInput9_1_0.vcxproj", "{70AAB2F1-E7FB-41D3-ADEE-855AC68E66A3}"
EndProject
Project("{8BC9CEB8-8B4A-11D0-8D11-00A0C91BC942}") = "XInput1_4", "lib\XInput_Stub\XInput1_4\XInput1_4.vcxproj", "{B65050CD-A962-4356-B0BA-A00C160F8322}"
EndProject
Global
	GlobalSection(SolutionConfigurationPlatforms) = preSolution
		Debug|x64 = Debug|x64
		Debug|x86 = Debug|x86
		Release|x64 = Release|x64
		Release|x86 = Release|x86
	EndGlobalSection
	GlobalSection(ProjectConfigurationPlatforms) = postSolution
		{0C097F04-4689-4CF1-AC84-96F8B70CA1DE}.Debug|x64.ActiveCfg = Debug|x64
		{0C097F04-4689-4CF1-AC84-96F8B70CA1DE}.Debug|x64.Build.0 = Debug|x64
		{0C097F04-4689-4CF1-AC84-96F8B70CA1DE}.Debug|x86.ActiveCfg = Debug|Win32
		{0C097F04-4689-4CF1-AC84-96F8B70CA1DE}.Debug|x86.Build.0 = Debug|Win32
		{0C097F04-4689-4CF1-AC84-96F8B70CA1DE}.Release|x64.ActiveCfg = Release|x64
		{0C097F04-4689-4CF1-AC84-96F8B70CA1DE}.Release|x64.Build.0 = Release|x64
		{0C097F04-4689-4CF1-AC84-96F8B70CA1DE}.Release|x86.ActiveCfg = Release|Win32
		{0C097F04-4689-4CF1-AC84-96F8B70CA1DE}.Release|x86.Build.0 = Release|Win32
		{ACE243E1-6C24-479B-97B1-4360DE953E2C}.Debug|x64.ActiveCfg = Debug|x64
		{ACE243E1-6C24-479B-97B1-4360DE953E2C}.Debug|x64.Build.0 = Debug|x64
		{ACE243E1-6C24-479B-97B1-4360DE953E2C}.Debug|x86.ActiveCfg = Debug|Win32
		{ACE243E1-6C24-479B-97B1-4360DE953E2C}.Debug|x86.Build.0 = Debug|Win32
		{ACE243E1-6C24-479B-97B1-4360DE953E2C}.Release|x64.ActiveCfg = Release|x64
		{ACE243E1-6C24-479B-97B1-4360DE953E2C}.Release|x64.Build.0 = Release|x64
		{ACE243E1-6C24-479B-97B1-4360DE953E2C}.Release|x86.ActiveCfg = Release|Win32
		{ACE243E1-6C24-479B-97B1-4360DE953E2C}.Release|x86.Build.0 = Release|Win32
		{20A2CEAE-3695-4C37-A7F8-963DDE149BFC}.Debug|x64.ActiveCfg = Debug|x64
		{20A2CEAE-3695-4C37-A7F8-963DDE149BFC}.Debug|x64.Build.0 = Debug|x64
		{20A2CEAE-3695-4C37-A7F8-963DDE149BFC}.Debug|x86.ActiveCfg = Debug|Win32
		{20A2CEAE-3695-4C37-A7F8-963DDE149BFC}.Debug|x86.Build.0 = Debug|Win32
		{20A2CEAE-3695-4C37-A7F8-963DDE149BFC}.Release|x64.ActiveCfg = Release|x64
		{20A2CEAE-3695-4C37-A7F8-963DDE149BFC}.Release|x64.Build.0 = Release|x64
		{20A2CEAE-3695-4C37-A7F8-963DDE149BFC}.Release|x86.ActiveCfg = Release|Win32
		{20A2CEAE-3695-4C37-A7F8-963DDE149BFC}.Release|x86.Build.0 = Release|Win32
		{70AAB2F1-E7FB-41D3-ADEE-855AC68E66A3}.Debug|x64.ActiveCfg = Debug|x64
		{70AAB2F1-E7FB-41D3-ADEE-855AC68E66A3}.Debug|x64.Build.0 = Debug|x64
		{70AAB2F1-E7FB-41D3-ADEE-855AC68E66A3}.Debug|x86.ActiveCfg = Debug|Win32
		{70AAB2F1-E7FB-41D3-ADEE-855AC68E66A3}.Debug|x86.Build.0 = Debug|Win32
		{70AAB2F1-E7FB-41D3-ADEE-855AC68E66A3}.Release|x64.ActiveCfg = Release|x64
		{70AAB2F1-E7FB-41D3-ADEE-855AC68E66A3}.Release|x64.Build.0 = Release|x64
		{70AAB2F1-E7FB-41D3-ADEE-855AC68E66A3}.Release|x86.ActiveCfg = Release|Win32
		{70AAB2F1-E7FB-41D3-ADEE-855AC68E66A3}.Release|x86.Build.0 = Release|Win32
		{B65050CD-A962-4356-B0BA-A00C160F8322}.Debug|x64.ActiveCfg = Debug|x64
		{B65050CD-A962-4356-B0BA-A00C160F8322}.Debug|x64.Build.0 = Debug|x64
		{B65050CD-A962-4356-B0BA-A00C160F8322}.Debug|x86.ActiveCfg = Debug|Win32
		{B65050CD-A962-4356-B0BA-A00C160F8322}.Debug|x86.Build.0 = Debug|Win32
		{B65050CD-A962-4356-B0BA-A00C160F8322}.Release|x64.ActiveCfg = Release|x64
		{B65050CD-A962-4356-B0BA-A00C160F8322}.Release|x64.Build.0 = Release|x64
		{B65050CD-A962-4356-B0BA-A00C160F8322}.Release|x86.ActiveCfg = Release|Win32
		{B65050CD-A962-4356-B0BA-A00C160F8322}.Release|x86.Build.0 = Release|Win32
	EndGlobalSection
	GlobalSection(SolutionProperties) = preSolution
		HideSolutionNode = FALSE
	EndGlobalSection
	GlobalSection(NestedProjects) = preSolution
		{20A2CEAE-3695-4C37-A7F8-963DDE149BFC} = {02EA681E-C7D8-13C7-8484-4AC65E1B71E8}
		{70AAB2F1-E7FB-41D3-ADEE-855AC68E66A3} = {02EA681E-C7D8-13C7-8484-4AC65E1B71E8}
		{B65050CD-A962-4356-B0BA-A00C160F8322} = {02EA681E-C7D8-13C7-8484-4AC65E1B71E8}
	EndGlobalSection
	GlobalSection(ExtensibilityGlobals) = postSolution
		SolutionGuid = {32B61755-31C0-4DDD-B18C-C147838B98B3}
	EndGlobalSection
EndGlobal
