<?xml version="1.0" encoding="utf-8"?>
<Project ToolsVersion="4.0" xmlns="http://schemas.microsoft.com/developer/msbuild/2003">
  <ItemGroup>
    <ClCompile Include="dllmain.cpp" />
    <ClCompile Include="..\XInputExports.cpp" />
  </ItemGroup>
  <ItemGroup>
    <None Include="XInput1_3.def" />
  </ItemGroup>
  <ItemGroup>
    <ClInclude Include="..\XInputExports.h" />
    <ClInclude Include="resource.h" />
  </ItemGroup>
  <ItemGroup>
    <ResourceCompile Include="XInput1_3.rc" />
  </ItemGroup>
</Project>